
Microsoft Visual Studio Solution File, Format Version 12.00
# Visual Studio Version 16
VisualStudioVersion = 16.0.31205.134
MinimumVisualStudioVersion = 10.0.40219.1
Project("{8BC9CEB8-8B4A-11D0-8D11-00A0C91BC942}") = "WinApiOS08052021", "WinApiOS08052021\WinApiOS08052021.vcxproj", "{D9E20F3B-D822-4E9A-A0A9-C8F1BA93EAC8}"
EndProject
Project("{8BC9CEB8-8B4A-11D0-8D11-00A0C91BC942}") = "Child", "Child\Child.vcxproj", "{E8FBEB21-5EAE-4CED-BEB7-D4BABFCA1F23}"
EndProject
Global
	GlobalSection(SolutionConfigurationPlatforms) = preSolution
		Debug|x64 = Debug|x64
		Debug|x86 = Debug|x86
		Release|x64 = Release|x64
		Release|x86 = Release|x86
	EndGlobalSection
	GlobalSection(ProjectConfigurationPlatforms) = postSolution
		{D9E20F3B-D822-4E9A-A0A9-C8F1BA93EAC8}.Debug|x64.ActiveCfg = Debug|x64
		{D9E20F3B-D822-4E9A-A0A9-C8F1BA93EAC8}.Debug|x64.Build.0 = Debug|x64
		{D9E20F3B-D822-4E9A-A0A9-C8F1BA93EAC8}.Debug|x86.ActiveCfg = Debug|Win32
		{D9E20F3B-D822-4E9A-A0A9-C8F1BA93EAC8}.Debug|x86.Build.0 = Debug|Win32
		{D9E20F3B-D822-4E9A-A0A9-C8F1BA93EAC8}.Release|x64.ActiveCfg = Release|x64
		{D9E20F3B-D822-4E9A-A0A9-C8F1BA93EAC8}.Release|x64.Build.0 = Release|x64
		{D9E20F3B-D822-4E9A-A0A9-C8F1BA93EAC8}.Release|x86.ActiveCfg = Release|Win32
		{D9E20F3B-D822-4E9A-A0A9-C8F1BA93EAC8}.Release|x86.Build.0 = Release|Win32
		{E8FBEB21-5EAE-4CED-BEB7-D4BABFCA1F23}.Debug|x64.ActiveCfg = Debug|x64
		{E8FBEB21-5EAE-4CED-BEB7-D4BABFCA1F23}.Debug|x64.Build.0 = Debug|x64
		{E8FBEB21-5EAE-4CED-BEB7-D4BABFCA1F23}.Debug|x86.ActiveCfg = Debug|Win32
		{E8FBEB21-5EAE-4CED-BEB7-D4BABFCA1F23}.Debug|x86.Build.0 = Debug|Win32
		{E8FBEB21-5EAE-4CED-BEB7-D4BABFCA1F23}.Release|x64.ActiveCfg = Release|x64
		{E8FBEB21-5EAE-4CED-BEB7-D4BABFCA1F23}.Release|x64.Build.0 = Release|x64
		{E8FBEB21-5EAE-4CED-BEB7-D4BABFCA1F23}.Release|x86.ActiveCfg = Release|Win32
		{E8FBEB21-5EAE-4CED-BEB7-D4BABFCA1F23}.Release|x86.Build.0 = Release|Win32
	EndGlobalSection
	GlobalSection(SolutionProperties) = preSolution
		HideSolutionNode = FALSE
	EndGlobalSection
	GlobalSection(ExtensibilityGlobals) = postSolution
		SolutionGuid = {A2513A6C-DB61-4A85-8753-3E96B6D5F1DC}
	EndGlobalSection
EndGlobal
